
Microsoft Visual Studio Solution File, Format Version 12.00
# Visual Studio 15
VisualStudioVersion = 15.0.28307.421
MinimumVisualStudioVersion = 10.0.40219.1
Project("{2150E333-8FDC-42A3-9474-1A3956D46DE8}") = "0-Domain", "0-Domain", "{E4774C93-FEB3-412F-A8A8-A8C241E6E09A}"
EndProject
Project("{2150E333-8FDC-42A3-9474-1A3956D46DE8}") = "1-Application", "1-Application", "{55D5A9C9-A404-49C1-AF2E-0B680A930455}"
EndProject
Project("{2150E333-8FDC-42A3-9474-1A3956D46DE8}") = "2-Adapters", "2-Adapters", "{31117237-1A10-44D5-A191-21CDEC80EBD7}"
EndProject
Project("{9A19103F-16F7-4668-BE54-9A1E7A4F7556}") = "Arch.Domain", "src\Domain\Arch.Domain\Arch.Domain.csproj", "{F5F176D5-4F8C-43FA-8AD9-46B1C9F901EC}"
EndProject
Project("{9A19103F-16F7-4668-BE54-9A1E7A4F7556}") = "Arch.UseCase", "src\UseCase\Arch.UseCase\Arch.UseCase.csproj", "{26D58881-0E59-4E26-AF7C-825D41C6F5E8}"
EndProject
Project("{9A19103F-16F7-4668-BE54-9A1E7A4F7556}") = "Arch.Repository.EntityFramework", "src\Adapters\Repositories.EF\Arch.Repository.EntitiyFramework\Arch.Repository.EntityFramework.csproj", "{7B944072-A21C-4232-A509-77741FE1DBCF}"
EndProject
Project("{9A19103F-16F7-4668-BE54-9A1E7A4F7556}") = "Arch.Api", "src\Adapters\UI\Arch.UI\Arch.Api.csproj", "{6DB734F7-CFB5-4560-AADC-E107B3C1A67E}"
EndProject
Project("{9A19103F-16F7-4668-BE54-9A1E7A4F7556}") = "Arch.Queries", "src\Adapters\Queries\Arch.Queries\Arch.Queries.csproj", "{9A13F934-831B-4417-9A61-7D6BE9DFF8D8}"
EndProject
Project("{9A19103F-16F7-4668-BE54-9A1E7A4F7556}") = "Arch.Domain.Core", "src\Domain\Domain.Core\Arch.Domain.Core\Arch.Domain.Core.csproj", "{90C32FA7-0472-4F83-BA57-67A62923179A}"
EndProject
Project("{2150E333-8FDC-42A3-9474-1A3956D46DE8}") = "Presents", "Presents", "{D372C446-7795-4562-A201-C9DB45A96FF9}"
EndProject
Project("{2150E333-8FDC-42A3-9474-1A3956D46DE8}") = "Gateways", "Gateways", "{07121C20-B553-4419-8956-614EB785B3F4}"
EndProject
Project("{2150E333-8FDC-42A3-9474-1A3956D46DE8}") = "Infrastructure", "Infrastructure", "{EF7E4604-E5F5-4890-A533-FB719420B638}"
EndProject
Project("{9A19103F-16F7-4668-BE54-9A1E7A4F7556}") = "Arch.Infrastructure", "src\Adapters\Infrastructure\Infrastructure\Arch.Infrastructure.csproj", "{2BA43B21-A472-49FF-9CD6-706AF5C6A29B}"
EndProject
Project("{9A19103F-16F7-4668-BE54-9A1E7A4F7556}") = "Arch.Infrastructure.CrossCutting.Bus", "src\Adapters\Infrastructure\CrossCutting.Bus\Arch.Infrastructure.CrossCutting.Bus.csproj", "{BEFE27B7-0997-49A5-8E97-3F0818575B05}"
EndProject
Project("{9A19103F-16F7-4668-BE54-9A1E7A4F7556}") = "Arch.Infrastructure.CrossCutting.Identity", "src\Adapters\Infrastructure\CrossCutting.Identity\Arch.Infrastructure.CrossCutting.Identity.csproj", "{1ECC8FB4-328A-4249-A6E3-0A26D8D31029}"
EndProject
Project("{9A19103F-16F7-4668-BE54-9A1E7A4F7556}") = "Arch.Infrastructure.CrossCutting.Ioc", "src\Adapters\Infrastructure\CrossCutting.Ioc\Arch.Infrastructure.CrossCutting.Ioc.csproj", "{65DB4E87-947B-48DA-8D54-DE61B5E98460}"
EndProject
Global
	GlobalSection(SolutionConfigurationPlatforms) = preSolution
		Debug|Any CPU = Debug|Any CPU
		Release|Any CPU = Release|Any CPU
	EndGlobalSection
	GlobalSection(ProjectConfigurationPlatforms) = postSolution
		{F5F176D5-4F8C-43FA-8AD9-46B1C9F901EC}.Debug|Any CPU.ActiveCfg = Debug|Any CPU
		{F5F176D5-4F8C-43FA-8AD9-46B1C9F901EC}.Debug|Any CPU.Build.0 = Debug|Any CPU
		{F5F176D5-4F8C-43FA-8AD9-46B1C9F901EC}.Release|Any CPU.ActiveCfg = Release|Any CPU
		{F5F176D5-4F8C-43FA-8AD9-46B1C9F901EC}.Release|Any CPU.Build.0 = Release|Any CPU
		{26D58881-0E59-4E26-AF7C-825D41C6F5E8}.Debug|Any CPU.ActiveCfg = Debug|Any CPU
		{26D58881-0E59-4E26-AF7C-825D41C6F5E8}.Debug|Any CPU.Build.0 = Debug|Any CPU
		{26D58881-0E59-4E26-AF7C-825D41C6F5E8}.Release|Any CPU.ActiveCfg = Release|Any CPU
		{26D58881-0E59-4E26-AF7C-825D41C6F5E8}.Release|Any CPU.Build.0 = Release|Any CPU
		{7B944072-A21C-4232-A509-77741FE1DBCF}.Debug|Any CPU.ActiveCfg = Debug|Any CPU
		{7B944072-A21C-4232-A509-77741FE1DBCF}.Debug|Any CPU.Build.0 = Debug|Any CPU
		{7B944072-A21C-4232-A509-77741FE1DBCF}.Release|Any CPU.ActiveCfg = Release|Any CPU
		{7B944072-A21C-4232-A509-77741FE1DBCF}.Release|Any CPU.Build.0 = Release|Any CPU
		{6DB734F7-CFB5-4560-AADC-E107B3C1A67E}.Debug|Any CPU.ActiveCfg = Debug|Any CPU
		{6DB734F7-CFB5-4560-AADC-E107B3C1A67E}.Debug|Any CPU.Build.0 = Debug|Any CPU
		{6DB734F7-CFB5-4560-AADC-E107B3C1A67E}.Release|Any CPU.ActiveCfg = Release|Any CPU
		{6DB734F7-CFB5-4560-AADC-E107B3C1A67E}.Release|Any CPU.Build.0 = Release|Any CPU
		{9A13F934-831B-4417-9A61-7D6BE9DFF8D8}.Debug|Any CPU.ActiveCfg = Debug|Any CPU
		{9A13F934-831B-4417-9A61-7D6BE9DFF8D8}.Debug|Any CPU.Build.0 = Debug|Any CPU
		{9A13F934-831B-4417-9A61-7D6BE9DFF8D8}.Release|Any CPU.ActiveCfg = Release|Any CPU
		{9A13F934-831B-4417-9A61-7D6BE9DFF8D8}.Release|Any CPU.Build.0 = Release|Any CPU
		{90C32FA7-0472-4F83-BA57-67A62923179A}.Debug|Any CPU.ActiveCfg = Debug|Any CPU
		{90C32FA7-0472-4F83-BA57-67A62923179A}.Debug|Any CPU.Build.0 = Debug|Any CPU
		{90C32FA7-0472-4F83-BA57-67A62923179A}.Release|Any CPU.ActiveCfg = Release|Any CPU
		{90C32FA7-0472-4F83-BA57-67A62923179A}.Release|Any CPU.Build.0 = Release|Any CPU
		{2BA43B21-A472-49FF-9CD6-706AF5C6A29B}.Debug|Any CPU.ActiveCfg = Debug|Any CPU
		{2BA43B21-A472-49FF-9CD6-706AF5C6A29B}.Debug|Any CPU.Build.0 = Debug|Any CPU
		{2BA43B21-A472-49FF-9CD6-706AF5C6A29B}.Release|Any CPU.ActiveCfg = Release|Any CPU
		{2BA43B21-A472-49FF-9CD6-706AF5C6A29B}.Release|Any CPU.Build.0 = Release|Any CPU
		{BEFE27B7-0997-49A5-8E97-3F0818575B05}.Debug|Any CPU.ActiveCfg = Debug|Any CPU
		{BEFE27B7-0997-49A5-8E97-3F0818575B05}.Debug|Any CPU.Build.0 = Debug|Any CPU
		{BEFE27B7-0997-49A5-8E97-3F0818575B05}.Release|Any CPU.ActiveCfg = Release|Any CPU
		{BEFE27B7-0997-49A5-8E97-3F0818575B05}.Release|Any CPU.Build.0 = Release|Any CPU
		{1ECC8FB4-328A-4249-A6E3-0A26D8D31029}.Debug|Any CPU.ActiveCfg = Debug|Any CPU
		{1ECC8FB4-328A-4249-A6E3-0A26D8D31029}.Debug|Any CPU.Build.0 = Debug|Any CPU
		{1ECC8FB4-328A-4249-A6E3-0A26D8D31029}.Release|Any CPU.ActiveCfg = Release|Any CPU
		{1ECC8FB4-328A-4249-A6E3-0A26D8D31029}.Release|Any CPU.Build.0 = Release|Any CPU
		{65DB4E87-947B-48DA-8D54-DE61B5E98460}.Debug|Any CPU.ActiveCfg = Debug|Any CPU
		{65DB4E87-947B-48DA-8D54-DE61B5E98460}.Debug|Any CPU.Build.0 = Debug|Any CPU
		{65DB4E87-947B-48DA-8D54-DE61B5E98460}.Release|Any CPU.ActiveCfg = Release|Any CPU
		{65DB4E87-947B-48DA-8D54-DE61B5E98460}.Release|Any CPU.Build.0 = Release|Any CPU
	EndGlobalSection
	GlobalSection(SolutionProperties) = preSolution
		HideSolutionNode = FALSE
	EndGlobalSection
	GlobalSection(NestedProjects) = preSolution
		{F5F176D5-4F8C-43FA-8AD9-46B1C9F901EC} = {E4774C93-FEB3-412F-A8A8-A8C241E6E09A}
		{26D58881-0E59-4E26-AF7C-825D41C6F5E8} = {55D5A9C9-A404-49C1-AF2E-0B680A930455}
		{7B944072-A21C-4232-A509-77741FE1DBCF} = {07121C20-B553-4419-8956-614EB785B3F4}
		{6DB734F7-CFB5-4560-AADC-E107B3C1A67E} = {D372C446-7795-4562-A201-C9DB45A96FF9}
		{9A13F934-831B-4417-9A61-7D6BE9DFF8D8} = {07121C20-B553-4419-8956-614EB785B3F4}
		{90C32FA7-0472-4F83-BA57-67A62923179A} = {E4774C93-FEB3-412F-A8A8-A8C241E6E09A}
		{D372C446-7795-4562-A201-C9DB45A96FF9} = {31117237-1A10-44D5-A191-21CDEC80EBD7}
		{07121C20-B553-4419-8956-614EB785B3F4} = {31117237-1A10-44D5-A191-21CDEC80EBD7}
		{EF7E4604-E5F5-4890-A533-FB719420B638} = {31117237-1A10-44D5-A191-21CDEC80EBD7}
		{2BA43B21-A472-49FF-9CD6-706AF5C6A29B} = {EF7E4604-E5F5-4890-A533-FB719420B638}
		{BEFE27B7-0997-49A5-8E97-3F0818575B05} = {EF7E4604-E5F5-4890-A533-FB719420B638}
		{1ECC8FB4-328A-4249-A6E3-0A26D8D31029} = {EF7E4604-E5F5-4890-A533-FB719420B638}
		{65DB4E87-947B-48DA-8D54-DE61B5E98460} = {EF7E4604-E5F5-4890-A533-FB719420B638}
	EndGlobalSection
	GlobalSection(ExtensibilityGlobals) = postSolution
		SolutionGuid = {E7F77312-4AD7-43C5-987B-5223C23188C1}
	EndGlobalSection
EndGlobal
